{
  "requires": true,
  "lockfileVersion": 1,
  "dependencies": {
    "@webcomponents/webcomponentsjs": {
      "version": "2.2.4",
      "resolved": "https://registry.npmjs.org/@webcomponents/webcomponentsjs/-/webcomponentsjs-2.2.4.tgz",
      "integrity": "sha512-YkLxK9Mbw6QK5bNZ67Rarb/yj0gN+Ziy5+2sLjM0lDb3XafM36gXKZXaIBz4zvLA/cYYTdg+l1LlqXeHEcmeiA=="
    },
    "ckeditor": {
      "version": "4.11.2",
      "resolved": "https://registry.npmjs.org/ckeditor/-/ckeditor-4.11.2.tgz",
      "integrity": "sha512-/qNERAeYsUAnfzEJZAOOI0sVpHk++W6BchCDmJ8+MbDPHq1Tr3jI/1PA9Qw3qSRXazud2T1yHXURfRUI+GT0FA=="
    },
    "webcomponent-ckeditor": {
      "version": "1.0.2",
      "resolved": "https://registry.npmjs.org/webcomponent-ckeditor/-/webcomponent-ckeditor-1.0.2.tgz",
      "integrity": "sha1-imadXwjDRq8lbArfTrCUPN2UkGo="
    }
  }
}
